// !$*UTF8*$!
{
	archiveVersion = 1;
	classes = {
	};
	objectVersion = 56;
	objects = {

/* Begin PBXBuildFile section */
		B9A909032A624E4600B02D27 /* AppDelegate.swift in Sources */ = {isa = PBXBuildFile; fileRef = B9A909022A624E4600B02D27 /* AppDelegate.swift */; };
		B9A909052A624E4600B02D27 /* SceneDelegate.swift in Sources */ = {isa = PBXBuildFile; fileRef = B9A909042A624E4600B02D27 /* SceneDelegate.swift */; };
		B9A909072A624E4600B02D27 /* ViewController.swift in Sources */ = {isa = PBXBuildFile; fileRef = B9A909062A624E4600B02D27 /* ViewController.swift */; };
		B9A9090A2A624E4600B02D27 /* Main.storyboard in Resources */ = {isa = PBXBuildFile; fileRef = B9A909082A624E4600B02D27 /* Main.storyboard */; };
		B9A9090C2A624E4800B02D27 /* Assets.xcassets in Resources */ = {isa = PBXBuildFile; fileRef = B9A9090B2A624E4800B02D27 /* Assets.xcassets */; };
		B9A9090F2A624E4800B02D27 /* LaunchScreen.storyboard in Resources */ = {isa = PBXBuildFile; fileRef = B9A9090D2A624E4800B02D27 /* LaunchScreen.storyboard */; };
		B9A9091A2A624E4800B02D27 /* tableviewTests.swift in Sources */ = {isa = PBXBuildFile; fileRef = B9A909192A624E4800B02D27 /* tableviewTests.swift */; };
		B9A909242A624E4800B02D27 /* tableviewUITests.swift in Sources */ = {isa = PBXBuildFile; fileRef = B9A909232A624E4800B02D27 /* tableviewUITests.swift */; };
		B9A909262A624E4800B02D27 /* tableviewUITestsLaunchTests.swift in Sources */ = {isa = PBXBuildFile; fileRef = B9A909252A624E4800B02D27 /* tableviewUITestsLaunchTests.swift */; };
		B9A909332A62CB9600B02D27 /* TableViewController.swift in Sources */ = {isa = PBXBuildFile; fileRef = B9A909322A62CB9500B02D27 /* TableViewController.swift */; };
		B9A909352A62E4A600B02D27 /* Person.swift in Sources */ = {isa = PBXBuildFile; fileRef = B9A909342A62E4A600B02D27 /* Person.swift */; };
/* End PBXBuildFile section */

/* Begin PBXContainerItemProxy section */
		B9A909162A624E4800B02D27 /* PBXContainerItemProxy */ = {
			isa = PBXContainerItemProxy;
			containerPortal = B9A908F72A624E4600B02D27 /* Project object */;
			proxyType = 1;
			remoteGlobalIDString = B9A908FE2A624E4600B02D27;
			remoteInfo = tableview;
		};
		B9A909202A624E4800B02D27 /* PBXContainerItemProxy */ = {
			isa = PBXContainerItemProxy;
			containerPortal = B9A908F72A624E4600B02D27 /* Project object */;
			proxyType = 1;
			remoteGlobalIDString = B9A908FE2A624E4600B02D27;
			remoteInfo = tableview;
		};
/* End PBXContainerItemProxy section */

/* Begin PBXFileReference section */
		B9A908FF2A624E4600B02D27 /* tableview.app */ = {isa = PBXFileReference; explicitFileType = wrapper.application; includeInIndex = 0; path = tableview.app; sourceTree = BUILT_PRODUCTS_DIR; };
		B9A909022A624E4600B02D27 /* AppDelegate.swift */ = {isa = PBXFileReference; lastKnownFileType = sourcecode.swift; path = AppDelegate.swift; sourceTree = "<group>"; };
		B9A909042A624E4600B02D27 /* SceneDelegate.swift */ = {isa = PBXFileReference; lastKnownFileType = sourcecode.swift; path = SceneDelegate.swift; sourceTree = "<group>"; };
		B9A909062A624E4600B02D27 /* ViewController.swift */ = {isa = PBXFileReference; lastKnownFileType = sourcecode.swift; path = ViewController.swift; sourceTree = "<group>"; };
		B9A909092A624E4600B02D27 /* Base */ = {isa = PBXFileReference; lastKnownFileType = file.storyboard; name = Base; path = Base.lproj/Main.storyboard; sourceTree = "<group>"; };
		B9A9090B2A624E4800B02D27 /* Assets.xcassets */ = {isa = PBXFileReference; lastKnownFileType = folder.assetcatalog; path = Assets.xcassets; sourceTree = "<group>"; };
		B9A9090E2A624E4800B02D27 /* Base */ = {isa = PBXFileReference; lastKnownFileType = file.storyboard; name = Base; path = Base.lproj/LaunchScreen.storyboard; sourceTree = "<group>"; };
		B9A909102A624E4800B02D27 /* Info.plist */ = {isa = PBXFileReference; lastKnownFileType = text.plist.xml; path = Info.plist; sourceTree = "<group>"; };
		B9A909152A624E4800B02D27 /* tableviewTests.xctest */ = {isa = PBXFileReference; explicitFileType = wrapper.cfbundle; includeInIndex = 0; path = tableviewTests.xctest; sourceTree = BUILT_PRODUCTS_DIR; };
		B9A909192A624E4800B02D27 /* tableviewTests.swift */ = {isa = PBXFileReference; lastKnownFileType = sourcecode.swift; path = tableviewTests.swift; sourceTree = "<group>"; };
		B9A9091F2A624E4800B02D27 /* tableviewUITests.xctest */ = {isa = PBXFileReference; explicitFileType = wrapper.cfbundle; includeInIndex = 0; path = tableviewUITests.xctest; sourceTree = BUILT_PRODUCTS_DIR; };
		B9A909232A624E4800B02D27 /* tableviewUITests.swift */ = {isa = PBXFileReference; lastKnownFileType = sourcecode.swift; path = tableviewUITests.swift; sourceTree = "<group>"; };
		B9A909252A624E4800B02D27 /* tableviewUITestsLaunchTests.swift */ = {isa = PBXFileReference; lastKnownFileType = sourcecode.swift; path = tableviewUITestsLaunchTests.swift; sourceTree = "<group>"; };
		B9A909322A62CB9500B02D27 /* TableViewController.swift */ = {isa = PBXFileReference; lastKnownFileType = sourcecode.swift; path = TableViewController.swift; sourceTree = "<group>"; };
		B9A909342A62E4A600B02D27 /* Person.swift */ = {isa = PBXFileReference; lastKnownFileType = sourcecode.swift; path = Person.swift; sourceTree = "<group>"; };
/* End PBXFileReference section */

/* Begin PBXFrameworksBuildPhase section */
		B9A908FC2A624E4600B02D27 /* Frameworks */ = {
			isa = PBXFrameworksBuildPhase;
			buildActionMask = 2147483647;
			files = (
			);
			runOnlyForDeploymentPostprocessing = 0;
		};
		B9A909122A624E4800B02D27 /* Frameworks */ = {
			isa = PBXFrameworksBuildPhase;
			buildActionMask = 2147483647;
			files = (
			);
			runOnlyForDeploymentPostprocessing = 0;
		};
		B9A9091C2A624E4800B02D27 /* Frameworks */ = {
			isa = PBXFrameworksBuildPhase;
			buildActionMask = 2147483647;
			files = (
			);
			runOnlyForDeploymentPostprocessing = 0;
		};
/* End PBXFrameworksBuildPhase section */

/* Begin PBXGroup section */
		B9A908F62A624E4600B02D27 = {
			isa = PBXGroup;
			children = (
				B9A909012A624E4600B02D27 /* tableview */,
				B9A909182A624E4800B02D27 /* tableviewTests */,
				B9A909222A624E4800B02D27 /* tableviewUITests */,
				B9A909002A624E4600B02D27 /* Products */,
			);
			sourceTree = "<group>";
		};
		B9A909002A624E4600B02D27 /* Products */ = {
			isa = PBXGroup;
			children = (
				B9A908FF2A624E4600B02D27 /* tableview.app */,
				B9A909152A624E4800B02D27 /* tableviewTests.xctest */,
				B9A9091F2A624E4800B02D27 /* tableviewUITests.xctest */,
			);
			name = Products;
			sourceTree = "<group>";
		};
		B9A909012A624E4600B02D27 /* tableview */ = {
			isa = PBXGroup;
			children = (
				B9A909022A624E4600B02D27 /* AppDelegate.swift */,
				B9A909042A624E4600B02D27 /* SceneDelegate.swift */,
				B9A909062A624E4600B02D27 /* ViewController.swift */,
				B9A909342A62E4A600B02D27 /* Person.swift */,
				B9A909322A62CB9500B02D27 /* TableViewController.swift */,
				B9A909082A624E4600B02D27 /* Main.storyboard */,
				B9A9090B2A624E4800B02D27 /* Assets.xcassets */,
				B9A9090D2A624E4800B02D27 /* LaunchScreen.storyboard */,
				B9A909102A624E4800B02D27 /* Info.plist */,
			);
			path = tableview;
			sourceTree = "<group>";
		};
		B9A909182A624E4800B02D27 /* tableviewTests */ = {
			isa = PBXGroup;
			children = (
				B9A909192A624E4800B02D27 /* tableviewTests.swift */,
			);
			path = tableviewTests;
			sourceTree = "<group>";
		};
		B9A909222A624E4800B02D27 /* tableviewUITests */ = {
			isa = PBXGroup;
			children = (
				B9A909232A624E4800B02D27 /* tableviewUITests.swift */,
				B9A909252A624E4800B02D27 /* tableviewUITestsLaunchTests.swift */,
			);
			path = tableviewUITests;
			sourceTree = "<group>";
		};
/* End PBXGroup section */

/* Begin PBXNativeTarget section */
		B9A908FE2A624E4600B02D27 /* tableview */ = {
			isa = PBXNativeTarget;
			buildConfigurationList = B9A909292A624E4800B02D27 /* Build configuration list for PBXNativeTarget "tableview" */;
			buildPhases = (
				B9A908FB2A624E4600B02D27 /* Sources */,
				B9A908FC2A624E4600B02D27 /* Frameworks */,
				B9A908FD2A624E4600B02D27 /* Resources */,
			);
			buildRules = (
			);
			dependencies = (
			);
			name = tableview;
			productName = tableview;
			productReference = B9A908FF2A624E4600B02D27 /* tableview.app */;
			productType = "com.apple.product-type.application";
		};
		B9A909142A624E4800B02D27 /* tableviewTests */ = {
			isa = PBXNativeTarget;
			buildConfigurationList = B9A9092C2A624E4800B02D27 /* Build configuration list for PBXNativeTarget "tableviewTests" */;
			buildPhases = (
				B9A909112A624E4800B02D27 /* Sources */,
				B9A909122A624E4800B02D27 /* Frameworks */,
				B9A909132A624E4800B02D27 /* Resources */,
			);
			buildRules = (
			);
			dependencies = (
				B9A909172A624E4800B02D27 /* PBXTargetDependency */,
			);
			name = tableviewTests;
			productName = tableviewTests;
			productReference = B9A909152A624E4800B02D27 /* tableviewTests.xctest */;
			productType = "com.apple.product-type.bundle.unit-test";
		};
		B9A9091E2A624E4800B02D27 /* tableviewUITests */ = {
			isa = PBXNativeTarget;
			buildConfigurationList = B9A9092F2A624E4800B02D27 /* Build configuration list for PBXNativeTarget "tableviewUITests" */;
			buildPhases = (
				B9A9091B2A624E4800B02D27 /* Sources */,
				B9A9091C2A624E4800B02D27 /* Frameworks */,
				B9A9091D2A624E4800B02D27 /* Resources */,
			);
			buildRules = (
			);
			dependencies = (
				B9A909212A624E4800B02D27 /* PBXTargetDependency */,
			);
			name = tableviewUITests;
			productName = tableviewUITests;
			productReference = B9A9091F2A624E4800B02D27 /* tableviewUITests.xctest */;
			productType = "com.apple.product-type.bundle.ui-testing";
		};
/* End PBXNativeTarget section */

/* Begin PBXProject section */
		B9A908F72A624E4600B02D27 /* Project object */ = {
			isa = PBXProject;
			attributes = {
				BuildIndependentTargetsInParallel = 1;
				LastSwiftUpdateCheck = 1420;
				LastUpgradeCheck = 1420;
				TargetAttributes = {
					B9A908FE2A624E4600B02D27 = {
						CreatedOnToolsVersion = 14.2;
					};
					B9A909142A624E4800B02D27 = {
						CreatedOnToolsVersion = 14.2;
						TestTargetID = B9A908FE2A624E4600B02D27;
					};
					B9A9091E2A624E4800B02D27 = {
						CreatedOnToolsVersion = 14.2;
						TestTargetID = B9A908FE2A624E4600B02D27;
					};
				};
			};
			buildConfigurationList = B9A908FA2A624E4600B02D27 /* Build configuration list for PBXProject "tableview" */;
			compatibilityVersion = "Xcode 14.0";
			developmentRegion = en;
			hasScannedForEncodings = 0;
			knownRegions = (
				en,
				Base,
			);
			mainGroup = B9A908F62A624E4600B02D27;
			productRefGroup = B9A909002A624E4600B02D27 /* Products */;
			projectDirPath = "";
			projectRoot = "";
			targets = (
				B9A908FE2A624E4600B02D27 /* tableview */,
				B9A909142A624E4800B02D27 /* tableviewTests */,
				B9A9091E2A624E4800B02D27 /* tableviewUITests */,
			);
		};
/* End PBXProject section */

/* Begin PBXResourcesBuildPhase section */
		B9A908FD2A624E4600B02D27 /* Resources */ = {
			isa = PBXResourcesBuildPhase;
			buildActionMask = 2147483647;
			files = (
				B9A9090F2A624E4800B02D27 /* LaunchScreen.storyboard in Resources */,
				B9A9090C2A624E4800B02D27 /* Assets.xcassets in Resources */,
				B9A9090A2A624E4600B02D27 /* Main.storyboard in Resources */,
			);
			runOnlyForDeploymentPostprocessing = 0;
		};
		B9A909132A624E4800B02D27 /* Resources */ = {
			isa = PBXResourcesBuildPhase;
			buildActionMask = 2147483647;
			files = (
			);
			runOnlyForDeploymentPostprocessing = 0;
		};
		B9A9091D2A624E4800B02D27 /* Resources */ = {
			isa = PBXResourcesBuildPhase;
			buildActionMask = 2147483647;
			files = (
			);
			runOnlyForDeploymentPostprocessing = 0;
		};
/* End PBXResourcesBuildPhase section */

/* Begin PBXSourcesBuildPhase section */
		B9A908FB2A624E4600B02D27 /* Sources */ = {
			isa = PBXSourcesBuildPhase;
			buildActionMask = 2147483647;
			files = (
				B9A909352A62E4A600B02D27 /* Person.swift in Sources */,
				B9A909072A624E4600B02D27 /* ViewController.swift in Sources */,
				B9A909032A624E4600B02D27 /* AppDelegate.swift in Sources */,
				B9A909052A624E4600B02D27 /* SceneDelegate.swift in Sources */,
				B9A909332A62CB9600B02D27 /* TableViewController.swift in Sources */,
			);
			runOnlyForDeploymentPostprocessing = 0;
		};
		B9A909112A624E4800B02D27 /* Sources */ = {
			isa = PBXSourcesBuildPhase;
			buildActionMask = 2147483647;
			files = (
				B9A9091A2A624E4800B02D27 /* tableviewTests.swift in Sources */,
			);
			runOnlyForDeploymentPostprocessing = 0;
		};
		B9A9091B2A624E4800B02D27 /* Sources */ = {
			isa = PBXSourcesBuildPhase;
			buildActionMask = 2147483647;
			files = (
				B9A909262A624E4800B02D27 /* tableviewUITestsLaunchTests.swift in Sources */,
				B9A909242A624E4800B02D27 /* tableviewUITests.swift in Sources */,
			);
			runOnlyForDeploymentPostprocessing = 0;
		};
/* End PBXSourcesBuildPhase section */

/* Begin PBXTargetDependency section */
		B9A909172A624E4800B02D27 /* PBXTargetDependency */ = {
			isa = PBXTargetDependency;
			target = B9A908FE2A624E4600B02D27 /* tableview */;
			targetProxy = B9A909162A624E4800B02D27 /* PBXContainerItemProxy */;
		};
		B9A909212A624E4800B02D27 /* PBXTargetDependency */ = {
			isa = PBXTargetDependency;
			target = B9A908FE2A624E4600B02D27 /* tableview */;
			targetProxy = B9A909202A624E4800B02D27 /* PBXContainerItemProxy */;
		};
/* End PBXTargetDependency section */

/* Begin PBXVariantGroup section */
		B9A909082A624E4600B02D27 /* Main.storyboard */ = {
			isa = PBXVariantGroup;
			children = (
				B9A909092A624E4600B02D27 /* Base */,
			);
			name = Main.storyboard;
			sourceTree = "<group>";
		};
		B9A9090D2A624E4800B02D27 /* LaunchScreen.storyboard */ = {
			isa = PBXVariantGroup;
			children = (
				B9A9090E2A624E4800B02D27 /* Base */,
			);
			name = LaunchScreen.storyboard;
			sourceTree = "<group>";
		};
/* End PBXVariantGroup section */

/* Begin XCBuildConfiguration section */
		B9A909272A624E4800B02D27 /* Debug */ = {
			isa = XCBuildConfiguration;
			buildSettings = {
				ALWAYS_SEARCH_USER_PATHS = NO;
				CLANG_ANALYZER_NONNULL = YES;
				CLANG_ANALYZER_NUMBER_OBJECT_CONVERSION = YES_AGGRESSIVE;
				CLANG_CXX_LANGUAGE_STANDARD = "gnu++20";
				CLANG_ENABLE_MODULES = YES;
				CLANG_ENABLE_OBJC_ARC = YES;
				CLANG_ENABLE_OBJC_WEAK = YES;
				CLANG_WARN_BLOCK_CAPTURE_AUTORELEASING = YES;
				CLANG_WARN_BOOL_CONVERSION = YES;
				CLANG_WARN_COMMA = YES;
				CLANG_WARN_CONSTANT_CONVERSION = YES;
				CLANG_WARN_DEPRECATED_OBJC_IMPLEMENTATIONS = YES;
				CLANG_WARN_DIRECT_OBJC_ISA_USAGE = YES_ERROR;
				CLANG_WARN_DOCUMENTATION_COMMENTS = YES;
				CLANG_WARN_EMPTY_BODY = YES;
				CLANG_WARN_ENUM_CONVERSION = YES;
				CLANG_WARN_INFINITE_RECURSION = YES;
				CLANG_WARN_INT_CONVERSION = YES;
				CLANG_WARN_NON_LITERAL_NULL_CONVERSION = YES;
				CLANG_WARN_OBJC_IMPLICIT_RETAIN_SELF = YES;
				CLANG_WARN_OBJC_LITERAL_CONVERSION = YES;
				CLANG_WARN_OBJC_ROOT_CLASS = YES_ERROR;
				CLANG_WARN_QUOTED_INCLUDE_IN_FRAMEWORK_HEADER = YES;
				CLANG_WARN_RANGE_LOOP_ANALYSIS = YES;
				CLANG_WARN_STRICT_PROTOTYPES = YES;
				CLANG_WARN_SUSPICIOUS_MOVE = YES;
				CLANG_WARN_UNGUARDED_AVAILABILITY = YES_AGGRESSIVE;
				CLANG_WARN_UNREACHABLE_CODE = YES;
				CLANG_WARN__DUPLICATE_METHOD_MATCH = YES;
				COPY_PHASE_STRIP = NO;
				DEBUG_INFORMATION_FORMAT = dwarf;
				ENABLE_STRICT_OBJC_MSGSEND = YES;
				ENABLE_TESTABILITY = YES;
				GCC_C_LANGUAGE_STANDARD = gnu11;
				GCC_DYNAMIC_NO_PIC = NO;
				GCC_NO_COMMON_BLOCKS = YES;
				GCC_OPTIMIZATION_LEVEL = 0;
				GCC_PREPROCESSOR_DEFINITIONS = (
					"DEBUG=1",
					"$(inherited)",
				);
				GCC_WARN_64_TO_32_BIT_CONVERSION = YES;
				GCC_WARN_ABOUT_RETURN_TYPE = YES_ERROR;
				GCC_WARN_UNDECLARED_SELECTOR = YES;
				GCC_WARN_UNINITIALIZED_AUTOS = YES_AGGRESSIVE;
				GCC_WARN_UNUSED_FUNCTION = YES;
				GCC_WARN_UNUSED_VARIABLE = YES;
				IPHONEOS_DEPLOYMENT_TARGET = 16.2;
				MTL_ENABLE_DEBUG_INFO = INCLUDE_SOURCE;
				MTL_FAST_MATH = YES;
				ONLY_ACTIVE_ARCH = YES;
				SDKROOT = iphoneos;
				SWIFT_ACTIVE_COMPILATION_CONDITIONS = DEBUG;
				SWIFT_OPTIMIZATION_LEVEL = "-Onone";
			};
			name = Debug;
		};
		B9A909282A624E4800B02D27 /* Release */ = {
			isa = XCBuildConfiguration;
			buildSettings = {
				ALWAYS_SEARCH_USER_PATHS = NO;
				CLANG_ANALYZER_NONNULL = YES;
				CLANG_ANALYZER_NUMBER_OBJECT_CONVERSION = YES_AGGRESSIVE;
				CLANG_CXX_LANGUAGE_STANDARD = "gnu++20";
				CLANG_ENABLE_MODULES = YES;
				CLANG_ENABLE_OBJC_ARC = YES;
				CLANG_ENABLE_OBJC_WEAK = YES;
				CLANG_WARN_BLOCK_CAPTURE_AUTORELEASING = YES;
				CLANG_WARN_BOOL_CONVERSION = YES;
				CLANG_WARN_COMMA = YES;
				CLANG_WARN_CONSTANT_CONVERSION = YES;
				CLANG_WARN_DEPRECATED_OBJC_IMPLEMENTATIONS = YES;
				CLANG_WARN_DIRECT_OBJC_ISA_USAGE = YES_ERROR;
				CLANG_WARN_DOCUMENTATION_COMMENTS = YES;
				CLANG_WARN_EMPTY_BODY = YES;
				CLANG_WARN_ENUM_CONVERSION = YES;
				CLANG_WARN_INFINITE_RECURSION = YES;
				CLANG_WARN_INT_CONVERSION = YES;
				CLANG_WARN_NON_LITERAL_NULL_CONVERSION = YES;
				CLANG_WARN_OBJC_IMPLICIT_RETAIN_SELF = YES;
				CLANG_WARN_OBJC_LITERAL_CONVERSION = YES;
				CLANG_WARN_OBJC_ROOT_CLASS = YES_ERROR;
				CLANG_WARN_QUOTED_INCLUDE_IN_FRAMEWORK_HEADER = YES;
				CLANG_WARN_RANGE_LOOP_ANALYSIS = YES;
				CLANG_WARN_STRICT_PROTOTYPES = YES;
				CLANG_WARN_SUSPICIOUS_MOVE = YES;
				CLANG_WARN_UNGUARDED_AVAILABILITY = YES_AGGRESSIVE;
				CLANG_WARN_UNREACHABLE_CODE = YES;
				CLANG_WARN__DUPLICATE_METHOD_MATCH = YES;
				COPY_PHASE_STRIP = NO;
				DEBUG_INFORMATION_FORMAT = "dwarf-with-dsym";
				ENABLE_NS_ASSERTIONS = NO;
				ENABLE_STRICT_OBJC_MSGSEND = YES;
				GCC_C_LANGUAGE_STANDARD = gnu11;
				GCC_NO_COMMON_BLOCKS = YES;
				GCC_WARN_64_TO_32_BIT_CONVERSION = YES;
				GCC_WARN_ABOUT_RETURN_TYPE = YES_ERROR;
				GCC_WARN_UNDECLARED_SELECTOR = YES;
				GCC_WARN_UNINITIALIZED_AUTOS = YES_AGGRESSIVE;
				GCC_WARN_UNUSED_FUNCTION = YES;
				GCC_WARN_UNUSED_VARIABLE = YES;
				IPHONEOS_DEPLOYMENT_TARGET = 16.2;
				MTL_ENABLE_DEBUG_INFO = NO;
				MTL_FAST_MATH = YES;
				SDKROOT = iphoneos;
				SWIFT_COMPILATION_MODE = wholemodule;
				SWIFT_OPTIMIZATION_LEVEL = "-O";
				VALIDATE_PRODUCT = YES;
			};
			name = Release;
		};
		B9A9092A2A624E4800B02D27 /* Debug */ = {
			isa = XCBuildConfiguration;
			buildSettings = {
				ASSETCATALOG_COMPILER_APPICON_NAME = AppIcon;
				ASSETCATALOG_COMPILER_GLOBAL_ACCENT_COLOR_NAME = AccentColor;
				CODE_SIGN_STYLE = Automatic;
				CURRENT_PROJECT_VERSION = 1;
				DEVELOPMENT_TEAM = 2G9P37MK73;
				GENERATE_INFOPLIST_FILE = YES;
				INFOPLIST_FILE = tableview/Info.plist;
				INFOPLIST_KEY_UIApplicationSupportsIndirectInputEvents = YES;
				INFOPLIST_KEY_UILaunchStoryboardName = LaunchScreen;
				INFOPLIST_KEY_UIMainStoryboardFile = Main;
				INFOPLIST_KEY_UISupportedInterfaceOrientations_iPad = "UIInterfaceOrientationPortrait UIInterfaceOrientationPortraitUpsideDown UIInterfaceOrientationLandscapeLeft UIInterfaceOrientationLandscapeRight";
				INFOPLIST_KEY_UISupportedInterfaceOrientations_iPhone = "UIInterfaceOrientationPortrait UIInterfaceOrientationLandscapeLeft UIInterfaceOrientationLandscapeRight";
				LD_RUNPATH_SEARCH_PATHS = (
					"$(inherited)",
					"@executable_path/Frameworks",
				);
				MARKETING_VERSION = 1.0;
				PRODUCT_BUNDLE_IDENTIFIER = com.product.tableview;
				PRODUCT_NAME = "$(TARGET_NAME)";
				SWIFT_EMIT_LOC_STRINGS = YES;
				SWIFT_VERSION = 5.0;
				TARGETED_DEVICE_FAMILY = "1,2";
			};
			name = Debug;
		};
		B9A9092B2A624E4800B02D27 /* Release */ = {
			isa = XCBuildConfiguration;
			buildSettings = {
				ASSETCATALOG_COMPILER_APPICON_NAME = AppIcon;
				ASSETCATALOG_COMPILER_GLOBAL_ACCENT_COLOR_NAME = AccentColor;
				CODE_SIGN_STYLE = Automatic;
				CURRENT_PROJECT_VERSION = 1;
				DEVELOPMENT_TEAM = 2G9P37MK73;
				GENERATE_INFOPLIST_FILE = YES;
				INFOPLIST_FILE = tableview/Info.plist;
				INFOPLIST_KEY_UIApplicationSupportsIndirectInputEvents = YES;
				INFOPLIST_KEY_UILaunchStoryboardName = LaunchScreen;
				INFOPLIST_KEY_UIMainStoryboardFile = Main;
				INFOPLIST_KEY_UISupportedInterfaceOrientations_iPad = "UIInterfaceOrientationPortrait UIInterfaceOrientationPortraitUpsideDown UIInterfaceOrientationLandscapeLeft UIInterfaceOrientationLandscapeRight";
				INFOPLIST_KEY_UISupportedInterfaceOrientations_iPhone = "UIInterfaceOrientationPortrait UIInterfaceOrientationLandscapeLeft UIInterfaceOrientationLandscapeRight";
				LD_RUNPATH_SEARCH_PATHS = (
					"$(inherited)",
					"@executable_path/Frameworks",
				);
				MARKETING_VERSION = 1.0;
				PRODUCT_BUNDLE_IDENTIFIER = com.product.tableview;
				PRODUCT_NAME = "$(TARGET_NAME)";
				SWIFT_EMIT_LOC_STRINGS = YES;
				SWIFT_VERSION = 5.0;
				TARGETED_DEVICE_FAMILY = "1,2";
			};
			name = Release;
		};
		B9A9092D2A624E4800B02D27 /* Debug */ = {
			isa = XCBuildConfiguration;
			buildSettings = {
				ALWAYS_EMBED_SWIFT_STANDARD_LIBRARIES = YES;
				BUNDLE_LOADER = "$(TEST_HOST)";
				CODE_SIGN_STYLE = Automatic;
				CURRENT_PROJECT_VERSION = 1;
				DEVELOPMENT_TEAM = 2G9P37MK73;
				GENERATE_INFOPLIST_FILE = YES;
				IPHONEOS_DEPLOYMENT_TARGET = 16.2;
				MARKETING_VERSION = 1.0;
				PRODUCT_BUNDLE_IDENTIFIER = com.product.tableviewTests;
				PRODUCT_NAME = "$(TARGET_NAME)";
				SWIFT_EMIT_LOC_STRINGS = NO;
				SWIFT_VERSION = 5.0;
				TARGETED_DEVICE_FAMILY = "1,2";
				TEST_HOST = "$(BUILT_PRODUCTS_DIR)/tableview.app/$(BUNDLE_EXECUTABLE_FOLDER_PATH)/tableview";
			};
			name = Debug;
		};
		B9A9092E2A624E4800B02D27 /* Release */ = {
			isa = XCBuildConfiguration;
			buildSettings = {
				ALWAYS_EMBED_SWIFT_STANDARD_LIBRARIES = YES;
				BUNDLE_LOADER = "$(TEST_HOST)";
				CODE_SIGN_STYLE = Automatic;
				CURRENT_PROJECT_VERSION = 1;
				DEVELOPMENT_TEAM = 2G9P37MK73;
				GENERATE_INFOPLIST_FILE = YES;
				IPHONEOS_DEPLOYMENT_TARGET = 16.2;
				MARKETING_VERSION = 1.0;
				PRODUCT_BUNDLE_IDENTIFIER = com.product.tableviewTests;
				PRODUCT_NAME = "$(TARGET_NAME)";
				SWIFT_EMIT_LOC_STRINGS = NO;
				SWIFT_VERSION = 5.0;
				TARGETED_DEVICE_FAMILY = "1,2";
				TEST_HOST = "$(BUILT_PRODUCTS_DIR)/tableview.app/$(BUNDLE_EXECUTABLE_FOLDER_PATH)/tableview";
			};
			name = Release;
		};
		B9A909302A624E4800B02D27 /* Debug */ = {
			isa = XCBuildConfiguration;
			buildSettings = {
				ALWAYS_EMBED_SWIFT_STANDARD_LIBRARIES = YES;
				CODE_SIGN_STYLE = Automatic;
				CURRENT_PROJECT_VERSION = 1;
				DEVELOPMENT_TEAM = 2G9P37MK73;
				GENERATE_INFOPLIST_FILE = YES;
				MARKETING_VERSION = 1.0;
				PRODUCT_BUNDLE_IDENTIFIER = com.product.tableviewUITests;
				PRODUCT_NAME = "$(TARGET_NAME)";
				SWIFT_EMIT_LOC_STRINGS = NO;
				SWIFT_VERSION = 5.0;
				TARGETED_DEVICE_FAMILY = "1,2";
				TEST_TARGET_NAME = tableview;
			};
			name = Debug;
		};
		B9A909312A624E4800B02D27 /* Release */ = {
			isa = XCBuildConfiguration;
			buildSettings = {
				ALWAYS_EMBED_SWIFT_STANDARD_LIBRARIES = YES;
				CODE_SIGN_STYLE = Automatic;
				CURRENT_PROJECT_VERSION = 1;
				DEVELOPMENT_TEAM = 2G9P37MK73;
				GENERATE_INFOPLIST_FILE = YES;
				MARKETING_VERSION = 1.0;
				PRODUCT_BUNDLE_IDENTIFIER = com.product.tableviewUITests;
				PRODUCT_NAME = "$(TARGET_NAME)";
				SWIFT_EMIT_LOC_STRINGS = NO;
				SWIFT_VERSION = 5.0;
				TARGETED_DEVICE_FAMILY = "1,2";
				TEST_TARGET_NAME = tableview;
			};
			name = Release;
		};
/* End XCBuildConfiguration section */

/* Begin XCConfigurationList section */
		B9A908FA2A624E4600B02D27 /* Build configuration list for PBXProject "tableview" */ = {
			isa = XCConfigurationList;
			buildConfigurations = (
				B9A909272A624E4800B02D27 /* Debug */,
				B9A909282A624E4800B02D27 /* Release */,
			);
			defaultConfigurationIsVisible = 0;
			defaultConfigurationName = Release;
		};
		B9A909292A624E4800B02D27 /* Build configuration list for PBXNativeTarget "tableview" */ = {
			isa = XCConfigurationList;
			buildConfigurations = (
				B9A9092A2A624E4800B02D27 /* Debug */,
				B9A9092B2A624E4800B02D27 /* Release */,
			);
			defaultConfigurationIsVisible = 0;
			defaultConfigurationName = Release;
		};
		B9A9092C2A624E4800B02D27 /* Build configuration list for PBXNativeTarget "tableviewTests" */ = {
			isa = XCConfigurationList;
			buildConfigurations = (
				B9A9092D2A624E4800B02D27 /* Debug */,
				B9A9092E2A624E4800B02D27 /* Release */,
			);
			defaultConfigurationIsVisible = 0;
			defaultConfigurationName = Release;
		};
		B9A9092F2A624E4800B02D27 /* Build configuration list for PBXNativeTarget "tableviewUITests" */ = {
			isa = XCConfigurationList;
			buildConfigurations = (
				B9A909302A624E4800B02D27 /* Debug */,
				B9A909312A624E4800B02D27 /* Release */,
			);
			defaultConfigurationIsVisible = 0;
			defaultConfigurationName = Release;
		};
/* End XCConfigurationList section */
	};
	rootObject = B9A908F72A624E4600B02D27 /* Project object */;
}
